<?xml version="1.0" encoding="utf-8"?>
<Project ToolsVersion="4.0" xmlns="http://schemas.microsoft.com/developer/msbuild/2003">
  <ItemGroup>
    <Filter Include="Fichiers sources">
      <UniqueIdentifier>{4FC737F1-C7A5-4376-A066-2A32D752A2FF}</UniqueIdentifier>
      <Extensions>cpp;c;cc;cxx;def;odl;idl;hpj;bat;asm;asmx</Extensions>
    </Filter>
    <Filter Include="Fichiers d%27en-tête">
      <UniqueIdentifier>{93995380-89BD-4b04-88EB-625FBE52EBFB}</UniqueIdentifier>
      <Extensions>h;hh;hpp;hxx;hm;inl;inc;ipp;xsd</Extensions>
    </Filter>
    <Filter Include="Fichiers de ressources">
      <UniqueIdentifier>{67DA6AB6-F800-4c08-8B7A-83BB121AAD01}</UniqueIdentifier>
      <Extensions>rc;ico;cur;bmp;dlg;rc2;rct;bin;rgs;gif;jpg;jpeg;jpe;resx;tiff;tif;png;wav;mfcribbon-ms</Extensions>
    </Filter>
    <Filter Include="Fichiers d%27en-tête\Formes">
      <UniqueIdentifier>{21b9c279-3861-4936-9764-db18e7a34d58}</UniqueIdentifier>
    </Filter>
    <Filter Include="Fichiers sources\Formes">
      <UniqueIdentifier>{51623c56-1a3c-4ff8-b269-ef4729ed33fa}</UniqueIdentifier>
    </Filter>
    <Filter Include="Fichiers d%27en-tête\Traitement">
      <UniqueIdentifier>{99789692-1d2a-4688-abf1-5a13ecd8b25c}</UniqueIdentifier>
    </Filter>
    <Filter Include="Fichiers sources\Traitement">
      <UniqueIdentifier>{6d91fb3c-ef2b-4179-bba3-12522f86618d}</UniqueIdentifier>
    </Filter>
    <Filter Include="Fichiers d%27en-tête\Chargement">
      <UniqueIdentifier>{e04e6bb3-b7b8-4a5a-91e9-329e1dff2f49}</UniqueIdentifier>
    </Filter>
    <Filter Include="Fichiers sources\Chargement">
      <UniqueIdentifier>{90bc7698-94ef-4650-8685-0780804657f4}</UniqueIdentifier>
    </Filter>
  </ItemGroup>
  <ItemGroup>
    <ClInclude Include="Vecteur2D.h">
      <Filter>Fichiers d%27en-tête</Filter>
    </ClInclude>
    <ClInclude Include="Connexion.h">
      <Filter>Fichiers d%27en-tête</Filter>
    </ClInclude>
    <ClInclude Include="Erreur.h">
      <Filter>Fichiers d%27en-tête</Filter>
    </ClInclude>
    <ClInclude Include="Cercle.h">
      <Filter>Fichiers d%27en-tête\Formes</Filter>
    </ClInclude>
    <ClInclude Include="Composee.h">
      <Filter>Fichiers d%27en-tête\Formes</Filter>
    </ClInclude>
    <ClInclude Include="FormeGeometrique.h">
      <Filter>Fichiers d%27en-tête\Formes</Filter>
    </ClInclude>
    <ClInclude Include="Simple.h">
      <Filter>Fichiers d%27en-tête\Formes</Filter>
    </ClInclude>
    <ClInclude Include="Polygone.h">
      <Filter>Fichiers d%27en-tête\Formes</Filter>
    </ClInclude>
    <ClInclude Include="Segment.h">
      <Filter>Fichiers d%27en-tête\Formes</Filter>
    </ClInclude>
    <ClInclude Include="Triangle.h">
      <Filter>Fichiers d%27en-tête\Formes</Filter>
    </ClInclude>
    <ClInclude Include="TraitementForme.h">
      <Filter>Fichiers d%27en-tête\Traitement</Filter>
    </ClInclude>
    <ClInclude Include="TraitementSegment.h">
      <Filter>Fichiers d%27en-tête\Traitement</Filter>
    </ClInclude>
    <ClInclude Include="TraitementTriangle.h">
      <Filter>Fichiers d%27en-tête\Traitement</Filter>
    </ClInclude>
    <ClInclude Include="TraitementCercle.h">
      <Filter>Fichiers d%27en-tête\Traitement</Filter>
    </ClInclude>
    <ClInclude Include="TraitementPolygone.h">
      <Filter>Fichiers d%27en-tête\Traitement</Filter>
    </ClInclude>
    <ClInclude Include="TraitementComposee.h">
      <Filter>Fichiers d%27en-tête\Traitement</Filter>
    </ClInclude>
    <ClInclude Include="Charger.h">
      <Filter>Fichiers d%27en-tête\Chargement</Filter>
    </ClInclude>
    <ClInclude Include="ChargerTxt.h">
      <Filter>Fichiers d%27en-tête\Chargement</Filter>
    </ClInclude>
    <ClInclude Include="DessinJava.h">
      <Filter>Fichiers d%27en-tête</Filter>
    </ClInclude>
    <ClInclude Include="Dessin.h">
      <Filter>Fichiers d%27en-tête</Filter>
    </ClInclude>
    <ClInclude Include="Sauvegarde.h">
      <Filter>Fichiers d%27en-tête</Filter>
    </ClInclude>
    <ClInclude Include="SauvegarderTxt.h">
      <Filter>Fichiers d%27en-tête</Filter>
    </ClInclude>
  </ItemGroup>
  <ItemGroup>
    <ClCompile Include="main.cpp">
      <Filter>Fichiers sources</Filter>
    </ClCompile>
    <ClCompile Include="Vecteur2D.cpp">
      <Filter>Fichiers sources</Filter>
    </ClCompile>
    <ClCompile Include="Connexion.cpp">
      <Filter>Fichiers sources</Filter>
    </ClCompile>
    <ClCompile Include="Erreur.cpp">
      <Filter>Fichiers sources</Filter>
    </ClCompile>
    <ClCompile Include="Cercle.cpp">
      <Filter>Fichiers sources\Formes</Filter>
    </ClCompile>
    <ClCompile Include="Composee.cpp">
      <Filter>Fichiers sources\Formes</Filter>
    </ClCompile>
    <ClCompile Include="FormeGeometrique.cpp">
      <Filter>Fichiers sources\Formes</Filter>
    </ClCompile>
    <ClCompile Include="Simple.cpp">
      <Filter>Fichiers sources\Formes</Filter>
    </ClCompile>
    <ClCompile Include="Segment.cpp">
      <Filter>Fichiers sources\Formes</Filter>
    </ClCompile>
    <ClCompile Include="Triangle.cpp">
      <Filter>Fichiers sources\Formes</Filter>
    </ClCompile>
    <ClCompile Include="TraitementForme.cpp">
      <Filter>Fichiers sources\Traitement</Filter>
    </ClCompile>
    <ClCompile Include="TraitementSegment.cpp">
      <Filter>Fichiers sources\Traitement</Filter>
    </ClCompile>
    <ClCompile Include="TraitementTriangle.cpp">
      <Filter>Fichiers sources\Traitement</Filter>
    </ClCompile>
    <ClCompile Include="TraitementCercle.cpp">
      <Filter>Fichiers sources\Traitement</Filter>
    </ClCompile>
    <ClCompile Include="TraitementPolygone.cpp">
      <Filter>Fichiers sources\Traitement</Filter>
    </ClCompile>
    <ClCompile Include="Polygone.cpp">
      <Filter>Fichiers sources\Formes</Filter>
    </ClCompile>
    <ClCompile Include="TraitementComposee.cpp">
      <Filter>Fichiers sources\Traitement</Filter>
    </ClCompile>
    <ClCompile Include="Charger.cpp">
      <Filter>Fichiers sources\Chargement</Filter>
    </ClCompile>
    <ClCompile Include="ChargerTxt.cpp">
      <Filter>Fichiers sources\Chargement</Filter>
    </ClCompile>
    <ClCompile Include="DessinJava.cpp">
      <Filter>Fichiers sources</Filter>
    </ClCompile>
    <ClCompile Include="SauvegarderTxt.cpp">
      <Filter>Fichiers sources</Filter>
    </ClCompile>
  </ItemGroup>
</Project>